// !$*UTF8*$!
{
	archiveVersion = 1;
	classes = {
	};
	objectVersion = 48;
	objects = {

/* Begin PBXBuildFile section */
		D4CEBF2EB524E6763FE58D1D /* libPods-YSStructureHelperDemo.a in Frameworks */ = {isa = PBXBuildFile; fileRef = ED15FB0F62FC946900FADF5D /* libPods-YSStructureHelperDemo.a */; };
		DB06203D20522D16004929CB /* YSFPSMonitor.m in Sources */ = {isa = PBXBuildFile; fileRef = DB06203C20522D16004929CB /* YSFPSMonitor.m */; };
		DB2F2B9F1FD7D7E8006674E7 /* YSStructureHelperDemoTests.m in Sources */ = {isa = PBXBuildFile; fileRef = DB2F2B9E1FD7D7E8006674E7 /* YSStructureHelperDemoTests.m */; };
		DB33A2591FD95EBA004E6B74 /* UIViewController+LifeCycle.m in Sources */ = {isa = PBXBuildFile; fileRef = DB33A2581FD95EBA004E6B74 /* UIViewController+LifeCycle.m */; };
		DB33A2621FD9736C004E6B74 /* UIView+ShowTipView.m in Sources */ = {isa = PBXBuildFile; fileRef = DB33A2611FD9736C004E6B74 /* UIView+ShowTipView.m */; };
		DB33A2671FD97575004E6B74 /* YSShowTipDemoViewController.m in Sources */ = {isa = PBXBuildFile; fileRef = DB33A2661FD97575004E6B74 /* YSShowTipDemoViewController.m */; };
		DB55CA691FDA7B1C002911C9 /* YSNavViewController.m in Sources */ = {isa = PBXBuildFile; fileRef = DB55CA681FDA7B1C002911C9 /* YSNavViewController.m */; };
		DB57B0F61FEA5CAE00D2A8CE /* UIView+Frame.m in Sources */ = {isa = PBXBuildFile; fileRef = DB57B0F51FEA5CAE00D2A8CE /* UIView+Frame.m */; };
		DB57B0F91FEA690200D2A8CE /* NSNumber+Format.m in Sources */ = {isa = PBXBuildFile; fileRef = DB57B0F81FEA690200D2A8CE /* NSNumber+Format.m */; };
		DB57B0FC1FEA709D00D2A8CE /* UIDevice+Info.m in Sources */ = {isa = PBXBuildFile; fileRef = DB57B0FB1FEA709D00D2A8CE /* UIDevice+Info.m */; };
		DB57B1001FEA730600D2A8CE /* YSDeviceInfoDemoViewController.m in Sources */ = {isa = PBXBuildFile; fileRef = DB57B0FF1FEA730600D2A8CE /* YSDeviceInfoDemoViewController.m */; };
		DB6ABE8B1FEA10E800007F24 /* UIApplication+AppInfo.m in Sources */ = {isa = PBXBuildFile; fileRef = DB6ABE8A1FEA10E800007F24 /* UIApplication+AppInfo.m */; };
		DB6ABE8F1FEA33BE00007F24 /* YSAppInfoDemoViewController.m in Sources */ = {isa = PBXBuildFile; fileRef = DB6ABE8E1FEA33BE00007F24 /* YSAppInfoDemoViewController.m */; };
		DB71FEFC205FA71F00FB14FE /* YSTestModel.m in Sources */ = {isa = PBXBuildFile; fileRef = DB71FEFB205FA71F00FB14FE /* YSTestModel.m */; };
		DB71FF05205FB08F00FB14FE /* YSDefineFuncDemoViewController.m in Sources */ = {isa = PBXBuildFile; fileRef = DB71FF04205FB08F00FB14FE /* YSDefineFuncDemoViewController.m */; };
		DB71FF08205FBE0B00FB14FE /* NSFileManager+FileAssist.m in Sources */ = {isa = PBXBuildFile; fileRef = DB71FF07205FBE0B00FB14FE /* NSFileManager+FileAssist.m */; };
		DB9D4D171FF4C1F400BAA9FA /* StoreKit.framework in Frameworks */ = {isa = PBXBuildFile; fileRef = DB9D4D161FF4C1F400BAA9FA /* StoreKit.framework */; };
		DBB836BC1FDFD56600491251 /* YSNetworkCache.m in Sources */ = {isa = PBXBuildFile; fileRef = DBB836BB1FDFD56600491251 /* YSNetworkCache.m */; };
		DBB836BF1FE0FF9C00491251 /* YSNetworkFailureHandle.m in Sources */ = {isa = PBXBuildFile; fileRef = DBB836BE1FE0FF9C00491251 /* YSNetworkFailureHandle.m */; };
		DBDC4CCB1FD7F1530054176E /* YSLogger.m in Sources */ = {isa = PBXBuildFile; fileRef = DBDC4CBF1FD7F1530054176E /* YSLogger.m */; };
		DBDC4CCC1FD7F1530054176E /* YSLogFormat.m in Sources */ = {isa = PBXBuildFile; fileRef = DBDC4CC01FD7F1530054176E /* YSLogFormat.m */; };
		DBDC4CCD1FD7F1530054176E /* Assets.xcassets in Resources */ = {isa = PBXBuildFile; fileRef = DBDC4CC11FD7F1530054176E /* Assets.xcassets */; };
		DBDC4CCE1FD7F1530054176E /* ViewController.m in Sources */ = {isa = PBXBuildFile; fileRef = DBDC4CC21FD7F1530054176E /* ViewController.m */; };
		DBDC4CCF1FD7F1530054176E /* LaunchScreen.storyboard in Resources */ = {isa = PBXBuildFile; fileRef = DBDC4CC31FD7F1530054176E /* LaunchScreen.storyboard */; };
		DBDC4CD01FD7F1530054176E /* Main.storyboard in Resources */ = {isa = PBXBuildFile; fileRef = DBDC4CC51FD7F1530054176E /* Main.storyboard */; };
		DBDC4CD11FD7F1530054176E /* main.m in Sources */ = {isa = PBXBuildFile; fileRef = DBDC4CC71FD7F1530054176E /* main.m */; };
		DBDC4CD21FD7F1530054176E /* AppDelegate.m in Sources */ = {isa = PBXBuildFile; fileRef = DBDC4CC81FD7F1530054176E /* AppDelegate.m */; };
		DBDC4CD31FD7F1530054176E /* Info.plist in Resources */ = {isa = PBXBuildFile; fileRef = DBDC4CC91FD7F1530054176E /* Info.plist */; };
		DBDC4CD81FD7F38C0054176E /* AppDelegate+DefineService.m in Sources */ = {isa = PBXBuildFile; fileRef = DBDC4CD71FD7F38C0054176E /* AppDelegate+DefineService.m */; };
		DBE5D75A1FE3667100BD1D71 /* YSStreamNetwork.m in Sources */ = {isa = PBXBuildFile; fileRef = DBE5D7591FE3667100BD1D71 /* YSStreamNetwork.m */; };
		DBF6578D1FD9129C00D9475F /* YSLogDemoViewController.m in Sources */ = {isa = PBXBuildFile; fileRef = DBF6578C1FD9129C00D9475F /* YSLogDemoViewController.m */; };
		DBF657901FD91E5400D9475F /* YSLogDetailViewController.m in Sources */ = {isa = PBXBuildFile; fileRef = DBF6578F1FD91E5400D9475F /* YSLogDetailViewController.m */; };
		DBFD7EAA1FDF7E3B0037939A /* YSNetWork.m in Sources */ = {isa = PBXBuildFile; fileRef = DBFD7EA91FDF7E3B0037939A /* YSNetWork.m */; };
		DBFD7EAD1FDF7F2E0037939A /* UIApplication+NetworkStatus.m in Sources */ = {isa = PBXBuildFile; fileRef = DBFD7EAC1FDF7F2E0037939A /* UIApplication+NetworkStatus.m */; };
		DBFD7EB11FDFAEFE0037939A /* YSNetworkDemoViewController.m in Sources */ = {isa = PBXBuildFile; fileRef = DBFD7EB01FDFAEFE0037939A /* YSNetworkDemoViewController.m */; };
/* End PBXBuildFile section */

/* Begin PBXContainerItemProxy section */
		DB2F2B9B1FD7D7E8006674E7 /* PBXContainerItemProxy */ = {
			isa = PBXContainerItemProxy;
			containerPortal = DB2F2B7A1FD7D7E8006674E7 /* Project object */;
			proxyType = 1;
			remoteGlobalIDString = DB2F2B811FD7D7E8006674E7;
			remoteInfo = YSStructureHelperDemo;
		};
/* End PBXContainerItemProxy section */

/* Begin PBXFileReference section */
		450A2E8C69BE83845CEAC996 /* Pods-YSStructureHelperDemo.release.xcconfig */ = {isa = PBXFileReference; includeInIndex = 1; lastKnownFileType = text.xcconfig; name = "Pods-YSStructureHelperDemo.release.xcconfig"; path = "Pods/Target Support Files/Pods-YSStructureHelperDemo/Pods-YSStructureHelperDemo.release.xcconfig"; sourceTree = "<group>"; };
		D5270C314DEC8986BDC241BE /* Pods-YSStructureHelperDemo.debug.xcconfig */ = {isa = PBXFileReference; includeInIndex = 1; lastKnownFileType = text.xcconfig; name = "Pods-YSStructureHelperDemo.debug.xcconfig"; path = "Pods/Target Support Files/Pods-YSStructureHelperDemo/Pods-YSStructureHelperDemo.debug.xcconfig"; sourceTree = "<group>"; };
		DB06203B20522D16004929CB /* YSFPSMonitor.h */ = {isa = PBXFileReference; lastKnownFileType = sourcecode.c.h; path = YSFPSMonitor.h; sourceTree = "<group>"; };
		DB06203C20522D16004929CB /* YSFPSMonitor.m */ = {isa = PBXFileReference; lastKnownFileType = sourcecode.c.objc; path = YSFPSMonitor.m; sourceTree = "<group>"; };
		DB2F2B821FD7D7E8006674E7 /* YSStructureHelperDemo.app */ = {isa = PBXFileReference; explicitFileType = wrapper.application; includeInIndex = 0; path = YSStructureHelperDemo.app; sourceTree = BUILT_PRODUCTS_DIR; };
		DB2F2B9A1FD7D7E8006674E7 /* YSStructureHelperDemoTests.xctest */ = {isa = PBXFileReference; explicitFileType = wrapper.cfbundle; includeInIndex = 0; path = YSStructureHelperDemoTests.xctest; sourceTree = BUILT_PRODUCTS_DIR; };
		DB2F2B9E1FD7D7E8006674E7 /* YSStructureHelperDemoTests.m */ = {isa = PBXFileReference; lastKnownFileType = sourcecode.c.objc; path = YSStructureHelperDemoTests.m; sourceTree = "<group>"; };
		DB2F2BA01FD7D7E8006674E7 /* Info.plist */ = {isa = PBXFileReference; lastKnownFileType = text.plist.xml; path = Info.plist; sourceTree = "<group>"; };
		DB33A2571FD95EBA004E6B74 /* UIViewController+LifeCycle.h */ = {isa = PBXFileReference; lastKnownFileType = sourcecode.c.h; path = "UIViewController+LifeCycle.h"; sourceTree = "<group>"; };
		DB33A2581FD95EBA004E6B74 /* UIViewController+LifeCycle.m */ = {isa = PBXFileReference; lastKnownFileType = sourcecode.c.objc; path = "UIViewController+LifeCycle.m"; sourceTree = "<group>"; };
		DB33A2601FD9736C004E6B74 /* UIView+ShowTipView.h */ = {isa = PBXFileReference; lastKnownFileType = sourcecode.c.h; path = "UIView+ShowTipView.h"; sourceTree = "<group>"; };
		DB33A2611FD9736C004E6B74 /* UIView+ShowTipView.m */ = {isa = PBXFileReference; lastKnownFileType = sourcecode.c.objc; path = "UIView+ShowTipView.m"; sourceTree = "<group>"; };
		DB33A2651FD97575004E6B74 /* YSShowTipDemoViewController.h */ = {isa = PBXFileReference; lastKnownFileType = sourcecode.c.h; path = YSShowTipDemoViewController.h; sourceTree = "<group>"; };
		DB33A2661FD97575004E6B74 /* YSShowTipDemoViewController.m */ = {isa = PBXFileReference; lastKnownFileType = sourcecode.c.objc; path = YSShowTipDemoViewController.m; sourceTree = "<group>"; };
		DB55CA671FDA7B1C002911C9 /* YSNavViewController.h */ = {isa = PBXFileReference; lastKnownFileType = sourcecode.c.h; path = YSNavViewController.h; sourceTree = "<group>"; };
		DB55CA681FDA7B1C002911C9 /* YSNavViewController.m */ = {isa = PBXFileReference; lastKnownFileType = sourcecode.c.objc; path = YSNavViewController.m; sourceTree = "<group>"; };
		DB57B0F41FEA5CAE00D2A8CE /* UIView+Frame.h */ = {isa = PBXFileReference; lastKnownFileType = sourcecode.c.h; path = "UIView+Frame.h"; sourceTree = "<group>"; };
		DB57B0F51FEA5CAE00D2A8CE /* UIView+Frame.m */ = {isa = PBXFileReference; lastKnownFileType = sourcecode.c.objc; path = "UIView+Frame.m"; sourceTree = "<group>"; };
		DB57B0F71FEA690200D2A8CE /* NSNumber+Format.h */ = {isa = PBXFileReference; lastKnownFileType = sourcecode.c.h; path = "NSNumber+Format.h"; sourceTree = "<group>"; };
		DB57B0F81FEA690200D2A8CE /* NSNumber+Format.m */ = {isa = PBXFileReference; lastKnownFileType = sourcecode.c.objc; path = "NSNumber+Format.m"; sourceTree = "<group>"; };
		DB57B0FA1FEA709D00D2A8CE /* UIDevice+Info.h */ = {isa = PBXFileReference; lastKnownFileType = sourcecode.c.h; path = "UIDevice+Info.h"; sourceTree = "<group>"; };
		DB57B0FB1FEA709D00D2A8CE /* UIDevice+Info.m */ = {isa = PBXFileReference; lastKnownFileType = sourcecode.c.objc; path = "UIDevice+Info.m"; sourceTree = "<group>"; };
		DB57B0FE1FEA730600D2A8CE /* YSDeviceInfoDemoViewController.h */ = {isa = PBXFileReference; lastKnownFileType = sourcecode.c.h; path = YSDeviceInfoDemoViewController.h; sourceTree = "<group>"; };
		DB57B0FF1FEA730600D2A8CE /* YSDeviceInfoDemoViewController.m */ = {isa = PBXFileReference; lastKnownFileType = sourcecode.c.objc; path = YSDeviceInfoDemoViewController.m; sourceTree = "<group>"; };
		DB6ABE891FEA10E800007F24 /* UIApplication+AppInfo.h */ = {isa = PBXFileReference; lastKnownFileType = sourcecode.c.h; path = "UIApplication+AppInfo.h"; sourceTree = "<group>"; };
		DB6ABE8A1FEA10E800007F24 /* UIApplication+AppInfo.m */ = {isa = PBXFileReference; lastKnownFileType = sourcecode.c.objc; path = "UIApplication+AppInfo.m"; sourceTree = "<group>"; };
		DB6ABE8D1FEA33BE00007F24 /* YSAppInfoDemoViewController.h */ = {isa = PBXFileReference; lastKnownFileType = sourcecode.c.h; path = YSAppInfoDemoViewController.h; sourceTree = "<group>"; };
		DB6ABE8E1FEA33BE00007F24 /* YSAppInfoDemoViewController.m */ = {isa = PBXFileReference; lastKnownFileType = sourcecode.c.objc; path = YSAppInfoDemoViewController.m; sourceTree = "<group>"; };
		DB71FEFA205FA71F00FB14FE /* YSTestModel.h */ = {isa = PBXFileReference; lastKnownFileType = sourcecode.c.h; path = YSTestModel.h; sourceTree = "<group>"; };
		DB71FEFB205FA71F00FB14FE /* YSTestModel.m */ = {isa = PBXFileReference; lastKnownFileType = sourcecode.c.objc; path = YSTestModel.m; sourceTree = "<group>"; };
		DB71FF01205FAEF500FB14FE /* YSDefineFunc.h */ = {isa = PBXFileReference; lastKnownFileType = sourcecode.c.h; path = YSDefineFunc.h; sourceTree = "<group>"; };
		DB71FF03205FB08F00FB14FE /* YSDefineFuncDemoViewController.h */ = {isa = PBXFileReference; lastKnownFileType = sourcecode.c.h; path = YSDefineFuncDemoViewController.h; sourceTree = "<group>"; };
		DB71FF04205FB08F00FB14FE /* YSDefineFuncDemoViewController.m */ = {isa = PBXFileReference; lastKnownFileType = sourcecode.c.objc; path = YSDefineFuncDemoViewController.m; sourceTree = "<group>"; };
		DB71FF06205FBE0B00FB14FE /* NSFileManager+FileAssist.h */ = {isa = PBXFileReference; lastKnownFileType = sourcecode.c.h; path = "NSFileManager+FileAssist.h"; sourceTree = "<group>"; };
		DB71FF07205FBE0B00FB14FE /* NSFileManager+FileAssist.m */ = {isa = PBXFileReference; lastKnownFileType = sourcecode.c.objc; path = "NSFileManager+FileAssist.m"; sourceTree = "<group>"; };
		DB9D4D161FF4C1F400BAA9FA /* StoreKit.framework */ = {isa = PBXFileReference; lastKnownFileType = wrapper.framework; name = StoreKit.framework; path = System/Library/Frameworks/StoreKit.framework; sourceTree = SDKROOT; };
		DBB836BA1FDFD56600491251 /* YSNetworkCache.h */ = {isa = PBXFileReference; lastKnownFileType = sourcecode.c.h; path = YSNetworkCache.h; sourceTree = "<group>"; };
		DBB836BB1FDFD56600491251 /* YSNetworkCache.m */ = {isa = PBXFileReference; lastKnownFileType = sourcecode.c.objc; path = YSNetworkCache.m; sourceTree = "<group>"; };
		DBB836BD1FE0FF9C00491251 /* YSNetworkFailureHandle.h */ = {isa = PBXFileReference; lastKnownFileType = sourcecode.c.h; path = YSNetworkFailureHandle.h; sourceTree = "<group>"; };
		DBB836BE1FE0FF9C00491251 /* YSNetworkFailureHandle.m */ = {isa = PBXFileReference; lastKnownFileType = sourcecode.c.objc; path = YSNetworkFailureHandle.m; sourceTree = "<group>"; };
		DBDC4CBA1FD7F1530054176E /* AppDelegate.h */ = {isa = PBXFileReference; fileEncoding = 4; lastKnownFileType = sourcecode.c.h; path = AppDelegate.h; sourceTree = "<group>"; };
		DBDC4CBD1FD7F1530054176E /* YSLogFormat.h */ = {isa = PBXFileReference; fileEncoding = 4; lastKnownFileType = sourcecode.c.h; path = YSLogFormat.h; sourceTree = "<group>"; };
		DBDC4CBE1FD7F1530054176E /* YSLogger.h */ = {isa = PBXFileReference; fileEncoding = 4; lastKnownFileType = sourcecode.c.h; path = YSLogger.h; sourceTree = "<group>"; };
		DBDC4CBF1FD7F1530054176E /* YSLogger.m */ = {isa = PBXFileReference; fileEncoding = 4; lastKnownFileType = sourcecode.c.objc; path = YSLogger.m; sourceTree = "<group>"; };
		DBDC4CC01FD7F1530054176E /* YSLogFormat.m */ = {isa = PBXFileReference; fileEncoding = 4; lastKnownFileType = sourcecode.c.objc; path = YSLogFormat.m; sourceTree = "<group>"; };
		DBDC4CC11FD7F1530054176E /* Assets.xcassets */ = {isa = PBXFileReference; lastKnownFileType = folder.assetcatalog; path = Assets.xcassets; sourceTree = "<group>"; };
		DBDC4CC21FD7F1530054176E /* ViewController.m */ = {isa = PBXFileReference; fileEncoding = 4; lastKnownFileType = sourcecode.c.objc; path = ViewController.m; sourceTree = "<group>"; };
		DBDC4CC41FD7F1530054176E /* Base */ = {isa = PBXFileReference; lastKnownFileType = file.storyboard; name = Base; path = Base.lproj/LaunchScreen.storyboard; sourceTree = "<group>"; };
		DBDC4CC61FD7F1530054176E /* Base */ = {isa = PBXFileReference; lastKnownFileType = file.storyboard; name = Base; path = Base.lproj/Main.storyboard; sourceTree = "<group>"; };
		DBDC4CC71FD7F1530054176E /* main.m */ = {isa = PBXFileReference; fileEncoding = 4; lastKnownFileType = sourcecode.c.objc; path = main.m; sourceTree = "<group>"; };
		DBDC4CC81FD7F1530054176E /* AppDelegate.m */ = {isa = PBXFileReference; fileEncoding = 4; lastKnownFileType = sourcecode.c.objc; path = AppDelegate.m; sourceTree = "<group>"; };
		DBDC4CC91FD7F1530054176E /* Info.plist */ = {isa = PBXFileReference; fileEncoding = 4; lastKnownFileType = text.plist.xml; path = Info.plist; sourceTree = "<group>"; };
		DBDC4CCA1FD7F1530054176E /* ViewController.h */ = {isa = PBXFileReference; fileEncoding = 4; lastKnownFileType = sourcecode.c.h; path = ViewController.h; sourceTree = "<group>"; };
		DBDC4CD61FD7F38C0054176E /* AppDelegate+DefineService.h */ = {isa = PBXFileReference; lastKnownFileType = sourcecode.c.h; path = "AppDelegate+DefineService.h"; sourceTree = "<group>"; };
		DBDC4CD71FD7F38C0054176E /* AppDelegate+DefineService.m */ = {isa = PBXFileReference; lastKnownFileType = sourcecode.c.objc; path = "AppDelegate+DefineService.m"; sourceTree = "<group>"; };
		DBDC4CD91FD81D440054176E /* componentsServiceHeader.h */ = {isa = PBXFileReference; lastKnownFileType = sourcecode.c.h; path = componentsServiceHeader.h; sourceTree = "<group>"; };
		DBE5D7581FE3667100BD1D71 /* YSStreamNetwork.h */ = {isa = PBXFileReference; lastKnownFileType = sourcecode.c.h; path = YSStreamNetwork.h; sourceTree = "<group>"; };
		DBE5D7591FE3667100BD1D71 /* YSStreamNetwork.m */ = {isa = PBXFileReference; lastKnownFileType = sourcecode.c.objc; path = YSStreamNetwork.m; sourceTree = "<group>"; };
		DBF657881FD90FBA00D9475F /* thirdPartHeader.h */ = {isa = PBXFileReference; lastKnownFileType = sourcecode.c.h; path = thirdPartHeader.h; sourceTree = "<group>"; };
		DBF657891FD9106400D9475F /* Header.h */ = {isa = PBXFileReference; lastKnownFileType = sourcecode.c.h; path = Header.h; sourceTree = "<group>"; };
		DBF6578B1FD9129C00D9475F /* YSLogDemoViewController.h */ = {isa = PBXFileReference; lastKnownFileType = sourcecode.c.h; path = YSLogDemoViewController.h; sourceTree = "<group>"; };
		DBF6578C1FD9129C00D9475F /* YSLogDemoViewController.m */ = {isa = PBXFileReference; lastKnownFileType = sourcecode.c.objc; path = YSLogDemoViewController.m; sourceTree = "<group>"; };
		DBF6578E1FD91E5400D9475F /* YSLogDetailViewController.h */ = {isa = PBXFileReference; lastKnownFileType = sourcecode.c.h; path = YSLogDetailViewController.h; sourceTree = "<group>"; };
		DBF6578F1FD91E5400D9475F /* YSLogDetailViewController.m */ = {isa = PBXFileReference; lastKnownFileType = sourcecode.c.objc; path = YSLogDetailViewController.m; sourceTree = "<group>"; };
		DBFD7EA81FDF7E3B0037939A /* YSNetWork.h */ = {isa = PBXFileReference; lastKnownFileType = sourcecode.c.h; path = YSNetWork.h; sourceTree = "<group>"; };
		DBFD7EA91FDF7E3B0037939A /* YSNetWork.m */ = {isa = PBXFileReference; lastKnownFileType = sourcecode.c.objc; path = YSNetWork.m; sourceTree = "<group>"; };
		DBFD7EAB1FDF7F2E0037939A /* UIApplication+NetworkStatus.h */ = {isa = PBXFileReference; lastKnownFileType = sourcecode.c.h; path = "UIApplication+NetworkStatus.h"; sourceTree = "<group>"; };
		DBFD7EAC1FDF7F2E0037939A /* UIApplication+NetworkStatus.m */ = {isa = PBXFileReference; lastKnownFileType = sourcecode.c.objc; path = "UIApplication+NetworkStatus.m"; sourceTree = "<group>"; };
		DBFD7EAF1FDFAEFE0037939A /* YSNetworkDemoViewController.h */ = {isa = PBXFileReference; lastKnownFileType = sourcecode.c.h; path = YSNetworkDemoViewController.h; sourceTree = "<group>"; };
		DBFD7EB01FDFAEFE0037939A /* YSNetworkDemoViewController.m */ = {isa = PBXFileReference; lastKnownFileType = sourcecode.c.objc; path = YSNetworkDemoViewController.m; sourceTree = "<group>"; };
		ED15FB0F62FC946900FADF5D /* libPods-YSStructureHelperDemo.a */ = {isa = PBXFileReference; explicitFileType = archive.ar; includeInIndex = 0; path = "libPods-YSStructureHelperDemo.a"; sourceTree = BUILT_PRODUCTS_DIR; };
/* End PBXFileReference section */

/* Begin PBXFrameworksBuildPhase section */
		DB2F2B7F1FD7D7E8006674E7 /* Frameworks */ = {
			isa = PBXFrameworksBuildPhase;
			buildActionMask = 2147483647;
			files = (
				DB9D4D171FF4C1F400BAA9FA /* StoreKit.framework in Frameworks */,
				D4CEBF2EB524E6763FE58D1D /* libPods-YSStructureHelperDemo.a in Frameworks */,
			);
			runOnlyForDeploymentPostprocessing = 0;
		};
		DB2F2B971FD7D7E8006674E7 /* Frameworks */ = {
			isa = PBXFrameworksBuildPhase;
			buildActionMask = 2147483647;
			files = (
			);
			runOnlyForDeploymentPostprocessing = 0;
		};
/* End PBXFrameworksBuildPhase section */

/* Begin PBXGroup section */
		3FD535053D5CD335B90AC184 /* Pods */ = {
			isa = PBXGroup;
			children = (
				D5270C314DEC8986BDC241BE /* Pods-YSStructureHelperDemo.debug.xcconfig */,
				450A2E8C69BE83845CEAC996 /* Pods-YSStructureHelperDemo.release.xcconfig */,
			);
			name = Pods;
			sourceTree = "<group>";
		};
		CB53FE5AA3F0E848455610F3 /* Frameworks */ = {
			isa = PBXGroup;
			children = (
				DB9D4D161FF4C1F400BAA9FA /* StoreKit.framework */,
				ED15FB0F62FC946900FADF5D /* libPods-YSStructureHelperDemo.a */,
			);
			name = Frameworks;
			sourceTree = "<group>";
		};
		DB06203920522C80004929CB /* monitor */ = {
			isa = PBXGroup;
			children = (
				DB06203A20522C92004929CB /* fps */,
			);
			path = monitor;
			sourceTree = "<group>";
		};
		DB06203A20522C92004929CB /* fps */ = {
			isa = PBXGroup;
			children = (
				DB06203B20522D16004929CB /* YSFPSMonitor.h */,
				DB06203C20522D16004929CB /* YSFPSMonitor.m */,
			);
			path = fps;
			sourceTree = "<group>";
		};
		DB2F2B791FD7D7E8006674E7 = {
			isa = PBXGroup;
			children = (
				DBDC4CB91FD7F1530054176E /* YSStructureHelperDemo */,
				DB2F2B9D1FD7D7E8006674E7 /* YSStructureHelperDemoTests */,
				DB2F2B831FD7D7E8006674E7 /* Products */,
				3FD535053D5CD335B90AC184 /* Pods */,
				CB53FE5AA3F0E848455610F3 /* Frameworks */,
			);
			sourceTree = "<group>";
		};
		DB2F2B831FD7D7E8006674E7 /* Products */ = {
			isa = PBXGroup;
			children = (
				DB2F2B821FD7D7E8006674E7 /* YSStructureHelperDemo.app */,
				DB2F2B9A1FD7D7E8006674E7 /* YSStructureHelperDemoTests.xctest */,
			);
			name = Products;
			sourceTree = "<group>";
		};
		DB2F2B9D1FD7D7E8006674E7 /* YSStructureHelperDemoTests */ = {
			isa = PBXGroup;
			children = (
				DB2F2B9E1FD7D7E8006674E7 /* YSStructureHelperDemoTests.m */,
				DB2F2BA01FD7D7E8006674E7 /* Info.plist */,
			);
			path = YSStructureHelperDemoTests;
			sourceTree = "<group>";
		};
		DB33A2531FD95E84004E6B74 /* viewController */ = {
			isa = PBXGroup;
			children = (
				DB33A2571FD95EBA004E6B74 /* UIViewController+LifeCycle.h */,
				DB33A2581FD95EBA004E6B74 /* UIViewController+LifeCycle.m */,
			);
			path = viewController;
			sourceTree = "<group>";
		};
		DB33A2631FD97374004E6B74 /* view */ = {
			isa = PBXGroup;
			children = (
				DB33A2601FD9736C004E6B74 /* UIView+ShowTipView.h */,
				DB33A2611FD9736C004E6B74 /* UIView+ShowTipView.m */,
				DB57B0F41FEA5CAE00D2A8CE /* UIView+Frame.h */,
				DB57B0F51FEA5CAE00D2A8CE /* UIView+Frame.m */,
			);
			path = view;
			sourceTree = "<group>";
		};
		DB33A2641FD97550004E6B74 /* showTipVC */ = {
			isa = PBXGroup;
			children = (
				DB33A2651FD97575004E6B74 /* YSShowTipDemoViewController.h */,
				DB33A2661FD97575004E6B74 /* YSShowTipDemoViewController.m */,
			);
			path = showTipVC;
			sourceTree = "<group>";
		};
		DB57B0FD1FEA72E000D2A8CE /* deviceInfo */ = {
			isa = PBXGroup;
			children = (
				DB57B0FE1FEA730600D2A8CE /* YSDeviceInfoDemoViewController.h */,
				DB57B0FF1FEA730600D2A8CE /* YSDeviceInfoDemoViewController.m */,
			);
			path = deviceInfo;
			sourceTree = "<group>";
		};
		DB6ABE881FEA10D100007F24 /* appInfo */ = {
			isa = PBXGroup;
			children = (
				DB6ABE891FEA10E800007F24 /* UIApplication+AppInfo.h */,
				DB6ABE8A1FEA10E800007F24 /* UIApplication+AppInfo.m */,
			);
			path = appInfo;
			sourceTree = "<group>";
		};
		DB6ABE8C1FEA339C00007F24 /* appInfo */ = {
			isa = PBXGroup;
			children = (
				DB6ABE8D1FEA33BE00007F24 /* YSAppInfoDemoViewController.h */,
				DB6ABE8E1FEA33BE00007F24 /* YSAppInfoDemoViewController.m */,
			);
			path = appInfo;
			sourceTree = "<group>";
		};
		DB71FEF9205FA70C00FB14FE /* definefunc */ = {
			isa = PBXGroup;
			children = (
				DB71FF02205FB07100FB14FE /* model */,
				DB71FF03205FB08F00FB14FE /* YSDefineFuncDemoViewController.h */,
				DB71FF04205FB08F00FB14FE /* YSDefineFuncDemoViewController.m */,
			);
			path = definefunc;
			sourceTree = "<group>";
		};
		DB71FF00205FAEC500FB14FE /* defineFunc */ = {
			isa = PBXGroup;
			children = (
				DB71FF01205FAEF500FB14FE /* YSDefineFunc.h */,
			);
			path = defineFunc;
			sourceTree = "<group>";
		};
		DB71FF02205FB07100FB14FE /* model */ = {
			isa = PBXGroup;
			children = (
				DB71FEFA205FA71F00FB14FE /* YSTestModel.h */,
				DB71FEFB205FA71F00FB14FE /* YSTestModel.m */,
			);
			path = model;
			sourceTree = "<group>";
		};
		DBDC4CB91FD7F1530054176E /* YSStructureHelperDemo */ = {
			isa = PBXGroup;
			children = (
				DBDC4CD41FD7F2D00054176E /* example */,
				DBDC4CBB1FD7F1530054176E /* framework */,
				DBDC4CC11FD7F1530054176E /* Assets.xcassets */,
				DBDC4CC31FD7F1530054176E /* LaunchScreen.storyboard */,
				DBDC4CC51FD7F1530054176E /* Main.storyboard */,
				DBDC4CC91FD7F1530054176E /* Info.plist */,
				DBDC4CC71FD7F1530054176E /* main.m */,
				DBF657881FD90FBA00D9475F /* thirdPartHeader.h */,
				DBF657891FD9106400D9475F /* Header.h */,
			);
			path = YSStructureHelperDemo;
			sourceTree = "<group>";
		};
		DBDC4CBB1FD7F1530054176E /* framework */ = {
			isa = PBXGroup;
			children = (
				DB71FF00205FAEC500FB14FE /* defineFunc */,
				DBDC4CD91FD81D440054176E /* componentsServiceHeader.h */,
				DBF657911FD9314B00D9475F /* category */,
				DBDC4CBC1FD7F1530054176E /* components */,
			);
			path = framework;
			sourceTree = "<group>";
		};
		DBDC4CBC1FD7F1530054176E /* components */ = {
			isa = PBXGroup;
			children = (
				DB06203920522C80004929CB /* monitor */,
				DB6ABE881FEA10D100007F24 /* appInfo */,
				DBFD7EA71FDF7E1E0037939A /* network */,
				DBF657871FD8D5AD00D9475F /* logger */,
			);
			path = components;
			sourceTree = "<group>";
		};
		DBDC4CD41FD7F2D00054176E /* example */ = {
			isa = PBXGroup;
			children = (
				DB71FEF9205FA70C00FB14FE /* definefunc */,
				DB57B0FD1FEA72E000D2A8CE /* deviceInfo */,
				DB6ABE8C1FEA339C00007F24 /* appInfo */,
				DBFD7EAE1FDFAEDE0037939A /* network */,
				DB33A2641FD97550004E6B74 /* showTipVC */,
				DBF6578A1FD9126B00D9475F /* logVC */,
				DBDC4CD51FD7F2EB0054176E /* appDelegate */,
				DBDC4CCA1FD7F1530054176E /* ViewController.h */,
				DBDC4CC21FD7F1530054176E /* ViewController.m */,
				DB55CA671FDA7B1C002911C9 /* YSNavViewController.h */,
				DB55CA681FDA7B1C002911C9 /* YSNavViewController.m */,
			);
			path = example;
			sourceTree = "<group>";
		};
		DBDC4CD51FD7F2EB0054176E /* appDelegate */ = {
			isa = PBXGroup;
			children = (
				DBDC4CBA1FD7F1530054176E /* AppDelegate.h */,
				DBDC4CC81FD7F1530054176E /* AppDelegate.m */,
				DBDC4CD61FD7F38C0054176E /* AppDelegate+DefineService.h */,
				DBDC4CD71FD7F38C0054176E /* AppDelegate+DefineService.m */,
			);
			path = appDelegate;
			sourceTree = "<group>";
		};
		DBF657871FD8D5AD00D9475F /* logger */ = {
			isa = PBXGroup;
			children = (
				DBDC4CBE1FD7F1530054176E /* YSLogger.h */,
				DBDC4CBF1FD7F1530054176E /* YSLogger.m */,
				DBDC4CBD1FD7F1530054176E /* YSLogFormat.h */,
				DBDC4CC01FD7F1530054176E /* YSLogFormat.m */,
			);
			path = logger;
			sourceTree = "<group>";
		};
		DBF6578A1FD9126B00D9475F /* logVC */ = {
			isa = PBXGroup;
			children = (
				DBF6578B1FD9129C00D9475F /* YSLogDemoViewController.h */,
				DBF6578C1FD9129C00D9475F /* YSLogDemoViewController.m */,
				DBF6578E1FD91E5400D9475F /* YSLogDetailViewController.h */,
				DBF6578F1FD91E5400D9475F /* YSLogDetailViewController.m */,
			);
			path = logVC;
			sourceTree = "<group>";
		};
		DBF657911FD9314B00D9475F /* category */ = {
			isa = PBXGroup;
			children = (
				DBF657931FD9319500D9475F /* foundationCategory */,
				DBF657921FD9315600D9475F /* uiCategory */,
			);
			path = category;
			sourceTree = "<group>";
		};
		DBF657921FD9315600D9475F /* uiCategory */ = {
			isa = PBXGroup;
			children = (
				DB33A2631FD97374004E6B74 /* view */,
				DB33A2531FD95E84004E6B74 /* viewController */,
				DB57B0FA1FEA709D00D2A8CE /* UIDevice+Info.h */,
				DB57B0FB1FEA709D00D2A8CE /* UIDevice+Info.m */,
			);
			path = uiCategory;
			sourceTree = "<group>";
		};
		DBF657931FD9319500D9475F /* foundationCategory */ = {
			isa = PBXGroup;
			children = (
				DB57B0F71FEA690200D2A8CE /* NSNumber+Format.h */,
				DB57B0F81FEA690200D2A8CE /* NSNumber+Format.m */,
				DB71FF06205FBE0B00FB14FE /* NSFileManager+FileAssist.h */,
				DB71FF07205FBE0B00FB14FE /* NSFileManager+FileAssist.m */,
			);
			path = foundationCategory;
			sourceTree = "<group>";
		};
		DBFD7EA71FDF7E1E0037939A /* network */ = {
			isa = PBXGroup;
			children = (
				DBFD7EA81FDF7E3B0037939A /* YSNetWork.h */,
				DBFD7EA91FDF7E3B0037939A /* YSNetWork.m */,
				DBE5D7581FE3667100BD1D71 /* YSStreamNetwork.h */,
				DBE5D7591FE3667100BD1D71 /* YSStreamNetwork.m */,
				DBB836BA1FDFD56600491251 /* YSNetworkCache.h */,
				DBB836BB1FDFD56600491251 /* YSNetworkCache.m */,
				DBB836BD1FE0FF9C00491251 /* YSNetworkFailureHandle.h */,
				DBB836BE1FE0FF9C00491251 /* YSNetworkFailureHandle.m */,
				DBFD7EAB1FDF7F2E0037939A /* UIApplication+NetworkStatus.h */,
				DBFD7EAC1FDF7F2E0037939A /* UIApplication+NetworkStatus.m */,
			);
			path = network;
			sourceTree = "<group>";
		};
		DBFD7EAE1FDFAEDE0037939A /* network */ = {
			isa = PBXGroup;
			children = (
				DBFD7EAF1FDFAEFE0037939A /* YSNetworkDemoViewController.h */,
				DBFD7EB01FDFAEFE0037939A /* YSNetworkDemoViewController.m */,
			);
			path = network;
			sourceTree = "<group>";
		};
/* End PBXGroup section */

/* Begin PBXNativeTarget section */
		DB2F2B811FD7D7E8006674E7 /* YSStructureHelperDemo */ = {
			isa = PBXNativeTarget;
			buildConfigurationList = DB2F2BA31FD7D7E8006674E7 /* Build configuration list for PBXNativeTarget "YSStructureHelperDemo" */;
			buildPhases = (
				D81304B785C5152E4A2F73C2 /* [CP] Check Pods Manifest.lock */,
				DB2F2B7E1FD7D7E8006674E7 /* Sources */,
				DB2F2B7F1FD7D7E8006674E7 /* Frameworks */,
				DB2F2B801FD7D7E8006674E7 /* Resources */,
				80ACC73523B9512B261B42C8 /* [CP] Embed Pods Frameworks */,
				903465BF746D29985639E78F /* [CP] Copy Pods Resources */,
			);
			buildRules = (
			);
			dependencies = (
			);
			name = YSStructureHelperDemo;
			productName = YSStructureHelperDemo;
			productReference = DB2F2B821FD7D7E8006674E7 /* YSStructureHelperDemo.app */;
			productType = "com.apple.product-type.application";
		};
		DB2F2B991FD7D7E8006674E7 /* YSStructureHelperDemoTests */ = {
			isa = PBXNativeTarget;
			buildConfigurationList = DB2F2BA61FD7D7E8006674E7 /* Build configuration list for PBXNativeTarget "YSStructureHelperDemoTests" */;
			buildPhases = (
				DB2F2B961FD7D7E8006674E7 /* Sources */,
				DB2F2B971FD7D7E8006674E7 /* Frameworks */,
				DB2F2B981FD7D7E8006674E7 /* Resources */,
			);
			buildRules = (
			);
			dependencies = (
				DB2F2B9C1FD7D7E8006674E7 /* PBXTargetDependency */,
			);
			name = YSStructureHelperDemoTests;
			productName = YSStructureHelperDemoTests;
			productReference = DB2F2B9A1FD7D7E8006674E7 /* YSStructureHelperDemoTests.xctest */;
			productType = "com.apple.product-type.bundle.unit-test";
		};
/* End PBXNativeTarget section */

/* Begin PBXProject section */
		DB2F2B7A1FD7D7E8006674E7 /* Project object */ = {
			isa = PBXProject;
			attributes = {
				LastUpgradeCheck = 0900;
				ORGANIZATIONNAME = develop;
				TargetAttributes = {
					DB2F2B811FD7D7E8006674E7 = {
						CreatedOnToolsVersion = 9.0;
						ProvisioningStyle = Manual;
					};
					DB2F2B991FD7D7E8006674E7 = {
						CreatedOnToolsVersion = 9.0;
						ProvisioningStyle = Automatic;
						TestTargetID = DB2F2B811FD7D7E8006674E7;
					};
				};
			};
			buildConfigurationList = DB2F2B7D1FD7D7E8006674E7 /* Build configuration list for PBXProject "YSStructureHelperDemo" */;
			compatibilityVersion = "Xcode 8.0";
			developmentRegion = en;
			hasScannedForEncodings = 0;
			knownRegions = (
				en,
				Base,
			);
			mainGroup = DB2F2B791FD7D7E8006674E7;
			productRefGroup = DB2F2B831FD7D7E8006674E7 /* Products */;
			projectDirPath = "";
			projectRoot = "";
			targets = (
				DB2F2B811FD7D7E8006674E7 /* YSStructureHelperDemo */,
				DB2F2B991FD7D7E8006674E7 /* YSStructureHelperDemoTests */,
			);
		};
/* End PBXProject section */

/* Begin PBXResourcesBuildPhase section */
		DB2F2B801FD7D7E8006674E7 /* Resources */ = {
			isa = PBXResourcesBuildPhase;
			buildActionMask = 2147483647;
			files = (
				DBDC4CD31FD7F1530054176E /* Info.plist in Resources */,
				DBDC4CD01FD7F1530054176E /* Main.storyboard in Resources */,
				DBDC4CCD1FD7F1530054176E /* Assets.xcassets in Resources */,
				DBDC4CCF1FD7F1530054176E /* LaunchScreen.storyboard in Resources */,
			);
			runOnlyForDeploymentPostprocessing = 0;
		};
		DB2F2B981FD7D7E8006674E7 /* Resources */ = {
			isa = PBXResourcesBuildPhase;
			buildActionMask = 2147483647;
			files = (
			);
			runOnlyForDeploymentPostprocessing = 0;
		};
/* End PBXResourcesBuildPhase section */

/* Begin PBXShellScriptBuildPhase section */
		80ACC73523B9512B261B42C8 /* [CP] Embed Pods Frameworks */ = {
			isa = PBXShellScriptBuildPhase;
			buildActionMask = 2147483647;
			files = (
			);
			inputPaths = (
			);
			name = "[CP] Embed Pods Frameworks";
			outputPaths = (
			);
			runOnlyForDeploymentPostprocessing = 0;
			shellPath = /bin/sh;
			shellScript = "\"${SRCROOT}/Pods/Target Support Files/Pods-YSStructureHelperDemo/Pods-YSStructureHelperDemo-frameworks.sh\"\n";
			showEnvVarsInLog = 0;
		};
		903465BF746D29985639E78F /* [CP] Copy Pods Resources */ = {
			isa = PBXShellScriptBuildPhase;
			buildActionMask = 2147483647;
			files = (
			);
			inputPaths = (
				"${SRCROOT}/Pods/Target Support Files/Pods-YSStructureHelperDemo/Pods-YSStructureHelperDemo-resources.sh",
				"${PODS_ROOT}/IQKeyboardManager/IQKeyboardManager/Resources/IQKeyboardManager.bundle",
			);
			name = "[CP] Copy Pods Resources";
			outputPaths = (
				"${TARGET_BUILD_DIR}/${UNLOCALIZED_RESOURCES_FOLDER_PATH}",
			);
			runOnlyForDeploymentPostprocessing = 0;
			shellPath = /bin/sh;
			shellScript = "\"${SRCROOT}/Pods/Target Support Files/Pods-YSStructureHelperDemo/Pods-YSStructureHelperDemo-resources.sh\"\n";
			showEnvVarsInLog = 0;
		};
		D81304B785C5152E4A2F73C2 /* [CP] Check Pods Manifest.lock */ = {
			isa = PBXShellScriptBuildPhase;
			buildActionMask = 2147483647;
			files = (
			);
			inputPaths = (
				"${PODS_PODFILE_DIR_PATH}/Podfile.lock",
				"${PODS_ROOT}/Manifest.lock",
			);
			name = "[CP] Check Pods Manifest.lock";
			outputPaths = (
				"$(DERIVED_FILE_DIR)/Pods-YSStructureHelperDemo-checkManifestLockResult.txt",
			);
			runOnlyForDeploymentPostprocessing = 0;
			shellPath = /bin/sh;
			shellScript = "diff \"${PODS_PODFILE_DIR_PATH}/Podfile.lock\" \"${PODS_ROOT}/Manifest.lock\" > /dev/null\nif [ $? != 0 ] ; then\n    # print error to STDERR\n    echo \"error: The sandbox is not in sync with the Podfile.lock. Run 'pod install' or update your CocoaPods installation.\" >&2\n    exit 1\nfi\n# This output is used by Xcode 'outputs' to avoid re-running this script phase.\necho \"SUCCESS\" > \"${SCRIPT_OUTPUT_FILE_0}\"\n";
			showEnvVarsInLog = 0;
		};
/* End PBXShellScriptBuildPhase section */

/* Begin PBXSourcesBuildPhase section */
		DB2F2B7E1FD7D7E8006674E7 /* Sources */ = {
			isa = PBXSourcesBuildPhase;
			buildActionMask = 2147483647;
			files = (
				DBDC4CCE1FD7F1530054176E /* ViewController.m in Sources */,
				DB6ABE8F1FEA33BE00007F24 /* YSAppInfoDemoViewController.m in Sources */,
				DBFD7EAD1FDF7F2E0037939A /* UIApplication+NetworkStatus.m in Sources */,
				DB57B0FC1FEA709D00D2A8CE /* UIDevice+Info.m in Sources */,
				DB57B0F61FEA5CAE00D2A8CE /* UIView+Frame.m in Sources */,
				DBE5D75A1FE3667100BD1D71 /* YSStreamNetwork.m in Sources */,
				DBF6578D1FD9129C00D9475F /* YSLogDemoViewController.m in Sources */,
				DBFD7EAA1FDF7E3B0037939A /* YSNetWork.m in Sources */,
				DB71FEFC205FA71F00FB14FE /* YSTestModel.m in Sources */,
				DBDC4CCC1FD7F1530054176E /* YSLogFormat.m in Sources */,
				DBB836BC1FDFD56600491251 /* YSNetworkCache.m in Sources */,
				DB71FF08205FBE0B00FB14FE /* NSFileManager+FileAssist.m in Sources */,
				DB33A2591FD95EBA004E6B74 /* UIViewController+LifeCycle.m in Sources */,
				DBB836BF1FE0FF9C00491251 /* YSNetworkFailureHandle.m in Sources */,
				DB33A2621FD9736C004E6B74 /* UIView+ShowTipView.m in Sources */,
				DB57B0F91FEA690200D2A8CE /* NSNumber+Format.m in Sources */,
				DB57B1001FEA730600D2A8CE /* YSDeviceInfoDemoViewController.m in Sources */,
				DBDC4CD11FD7F1530054176E /* main.m in Sources */,
				DBDC4CCB1FD7F1530054176E /* YSLogger.m in Sources */,
				DBFD7EB11FDFAEFE0037939A /* YSNetworkDemoViewController.m in Sources */,
				DBDC4CD21FD7F1530054176E /* AppDelegate.m in Sources */,
				DB55CA691FDA7B1C002911C9 /* YSNavViewController.m in Sources */,
				DB06203D20522D16004929CB /* YSFPSMonitor.m in Sources */,
				DBF657901FD91E5400D9475F /* YSLogDetailViewController.m in Sources */,
				DB6ABE8B1FEA10E800007F24 /* UIApplication+AppInfo.m in Sources */,
				DB33A2671FD97575004E6B74 /* YSShowTipDemoViewController.m in Sources */,
				DB71FF05205FB08F00FB14FE /* YSDefineFuncDemoViewController.m in Sources */,
				DBDC4CD81FD7F38C0054176E /* AppDelegate+DefineService.m in Sources */,
			);
			runOnlyForDeploymentPostprocessing = 0;
		};
		DB2F2B961FD7D7E8006674E7 /* Sources */ = {
			isa = PBXSourcesBuildPhase;
			buildActionMask = 2147483647;
			files = (
				DB2F2B9F1FD7D7E8006674E7 /* YSStructureHelperDemoTests.m in Sources */,
			);
			runOnlyForDeploymentPostprocessing = 0;
		};
/* End PBXSourcesBuildPhase section */

/* Begin PBXTargetDependency section */
		DB2F2B9C1FD7D7E8006674E7 /* PBXTargetDependency */ = {
			isa = PBXTargetDependency;
			target = DB2F2B811FD7D7E8006674E7 /* YSStructureHelperDemo */;
			targetProxy = DB2F2B9B1FD7D7E8006674E7 /* PBXContainerItemProxy */;
		};
/* End PBXTargetDependency section */

/* Begin PBXVariantGroup section */
		DBDC4CC31FD7F1530054176E /* LaunchScreen.storyboard */ = {
			isa = PBXVariantGroup;
			children = (
				DBDC4CC41FD7F1530054176E /* Base */,
			);
			name = LaunchScreen.storyboard;
			sourceTree = "<group>";
		};
		DBDC4CC51FD7F1530054176E /* Main.storyboard */ = {
			isa = PBXVariantGroup;
			children = (
				DBDC4CC61FD7F1530054176E /* Base */,
			);
			name = Main.storyboard;
			sourceTree = "<group>";
		};
/* End PBXVariantGroup section */

/* Begin XCBuildConfiguration section */
		DB2F2BA11FD7D7E8006674E7 /* Debug */ = {
			isa = XCBuildConfiguration;
			buildSettings = {
				ALWAYS_SEARCH_USER_PATHS = NO;
				CLANG_ANALYZER_NONNULL = YES;
				CLANG_ANALYZER_NUMBER_OBJECT_CONVERSION = YES_AGGRESSIVE;
				CLANG_CXX_LANGUAGE_STANDARD = "gnu++14";
				CLANG_CXX_LIBRARY = "libc++";
				CLANG_ENABLE_MODULES = YES;
				CLANG_ENABLE_OBJC_ARC = YES;
				CLANG_WARN_BLOCK_CAPTURE_AUTORELEASING = YES;
				CLANG_WARN_BOOL_CONVERSION = YES;
				CLANG_WARN_COMMA = YES;
				CLANG_WARN_CONSTANT_CONVERSION = YES;
				CLANG_WARN_DIRECT_OBJC_ISA_USAGE = YES_ERROR;
				CLANG_WARN_DOCUMENTATION_COMMENTS = YES;
				CLANG_WARN_EMPTY_BODY = YES;
				CLANG_WARN_ENUM_CONVERSION = YES;
				CLANG_WARN_INFINITE_RECURSION = YES;
				CLANG_WARN_INT_CONVERSION = YES;
				CLANG_WARN_NON_LITERAL_NULL_CONVERSION = YES;
				CLANG_WARN_OBJC_LITERAL_CONVERSION = YES;
				CLANG_WARN_OBJC_ROOT_CLASS = YES_ERROR;
				CLANG_WARN_RANGE_LOOP_ANALYSIS = YES;
				CLANG_WARN_STRICT_PROTOTYPES = YES;
				CLANG_WARN_SUSPICIOUS_MOVE = YES;
				CLANG_WARN_UNGUARDED_AVAILABILITY = YES_AGGRESSIVE;
				CLANG_WARN_UNREACHABLE_CODE = YES;
				CLANG_WARN__DUPLICATE_METHOD_MATCH = YES;
				CODE_SIGN_IDENTITY = "iPhone Developer";
				COPY_PHASE_STRIP = NO;
				DEBUG_INFORMATION_FORMAT = dwarf;
				ENABLE_STRICT_OBJC_MSGSEND = YES;
				ENABLE_TESTABILITY = YES;
				GCC_C_LANGUAGE_STANDARD = gnu11;
				GCC_DYNAMIC_NO_PIC = NO;
				GCC_NO_COMMON_BLOCKS = YES;
				GCC_OPTIMIZATION_LEVEL = 0;
				GCC_PREPROCESSOR_DEFINITIONS = (
					"DEBUG=1",
					"$(inherited)",
				);
				GCC_WARN_64_TO_32_BIT_CONVERSION = YES;
				GCC_WARN_ABOUT_RETURN_TYPE = YES_ERROR;
				GCC_WARN_UNDECLARED_SELECTOR = YES;
				GCC_WARN_UNINITIALIZED_AUTOS = YES_AGGRESSIVE;
				GCC_WARN_UNUSED_FUNCTION = YES;
				GCC_WARN_UNUSED_VARIABLE = YES;
				IPHONEOS_DEPLOYMENT_TARGET = 11.0;
				MTL_ENABLE_DEBUG_INFO = YES;
				ONLY_ACTIVE_ARCH = YES;
				SDKROOT = iphoneos;
			};
			name = Debug;
		};
		DB2F2BA21FD7D7E8006674E7 /* Release */ = {
			isa = XCBuildConfiguration;
			buildSettings = {
				ALWAYS_SEARCH_USER_PATHS = NO;
				CLANG_ANALYZER_NONNULL = YES;
				CLANG_ANALYZER_NUMBER_OBJECT_CONVERSION = YES_AGGRESSIVE;
				CLANG_CXX_LANGUAGE_STANDARD = "gnu++14";
				CLANG_CXX_LIBRARY = "libc++";
				CLANG_ENABLE_MODULES = YES;
				CLANG_ENABLE_OBJC_ARC = YES;
				CLANG_WARN_BLOCK_CAPTURE_AUTORELEASING = YES;
				CLANG_WARN_BOOL_CONVERSION = YES;
				CLANG_WARN_COMMA = YES;
				CLANG_WARN_CONSTANT_CONVERSION = YES;
				CLANG_WARN_DIRECT_OBJC_ISA_USAGE = YES_ERROR;
				CLANG_WARN_DOCUMENTATION_COMMENTS = YES;
				CLANG_WARN_EMPTY_BODY = YES;
				CLANG_WARN_ENUM_CONVERSION = YES;
				CLANG_WARN_INFINITE_RECURSION = YES;
				CLANG_WARN_INT_CONVERSION = YES;
				CLANG_WARN_NON_LITERAL_NULL_CONVERSION = YES;
				CLANG_WARN_OBJC_LITERAL_CONVERSION = YES;
				CLANG_WARN_OBJC_ROOT_CLASS = YES_ERROR;
				CLANG_WARN_RANGE_LOOP_ANALYSIS = YES;
				CLANG_WARN_STRICT_PROTOTYPES = YES;
				CLANG_WARN_SUSPICIOUS_MOVE = YES;
				CLANG_WARN_UNGUARDED_AVAILABILITY = YES_AGGRESSIVE;
				CLANG_WARN_UNREACHABLE_CODE = YES;
				CLANG_WARN__DUPLICATE_METHOD_MATCH = YES;
				CODE_SIGN_IDENTITY = "iPhone Developer";
				COPY_PHASE_STRIP = NO;
				DEBUG_INFORMATION_FORMAT = "dwarf-with-dsym";
				ENABLE_NS_ASSERTIONS = NO;
				ENABLE_STRICT_OBJC_MSGSEND = YES;
				GCC_C_LANGUAGE_STANDARD = gnu11;
				GCC_NO_COMMON_BLOCKS = YES;
				GCC_WARN_64_TO_32_BIT_CONVERSION = YES;
				GCC_WARN_ABOUT_RETURN_TYPE = YES_ERROR;
				GCC_WARN_UNDECLARED_SELECTOR = YES;
				GCC_WARN_UNINITIALIZED_AUTOS = YES_AGGRESSIVE;
				GCC_WARN_UNUSED_FUNCTION = YES;
				GCC_WARN_UNUSED_VARIABLE = YES;
				IPHONEOS_DEPLOYMENT_TARGET = 11.0;
				MTL_ENABLE_DEBUG_INFO = NO;
				SDKROOT = iphoneos;
				VALIDATE_PRODUCT = YES;
			};
			name = Release;
		};
		DB2F2BA41FD7D7E8006674E7 /* Debug */ = {
			isa = XCBuildConfiguration;
			baseConfigurationReference = D5270C314DEC8986BDC241BE /* Pods-YSStructureHelperDemo.debug.xcconfig */;
			buildSettings = {
				ASSETCATALOG_COMPILER_APPICON_NAME = AppIcon;
				CODE_SIGN_STYLE = Manual;
				DEVELOPMENT_TEAM = 3X434F5U2F;
				GCC_PREFIX_HEADER = "$(SRCROOT)/YSStructureHelperDemo/Header.h";
				INFOPLIST_FILE = YSStructureHelperDemo/Info.plist;
				IPHONEOS_DEPLOYMENT_TARGET = 10.0;
				LD_RUNPATH_SEARCH_PATHS = "$(inherited) @executable_path/Frameworks";
				PRODUCT_BUNDLE_IDENTIFIER = com.develop.all;
				PRODUCT_NAME = "$(TARGET_NAME)";
				PROVISIONING_PROFILE = "daffb791-59f2-463d-a62c-5792b1ab50fa";
				PROVISIONING_PROFILE_SPECIFIER = allDev;
				TARGETED_DEVICE_FAMILY = "1,2";
			};
			name = Debug;
		};
		DB2F2BA51FD7D7E8006674E7 /* Release */ = {
			isa = XCBuildConfiguration;
			baseConfigurationReference = 450A2E8C69BE83845CEAC996 /* Pods-YSStructureHelperDemo.release.xcconfig */;
			buildSettings = {
				ASSETCATALOG_COMPILER_APPICON_NAME = AppIcon;
				"CODE_SIGN_IDENTITY[sdk=iphoneos*]" = "iPhone Distribution";
				CODE_SIGN_STYLE = Manual;
				DEVELOPMENT_TEAM = 3X434F5U2F;
				GCC_PREFIX_HEADER = "$(SRCROOT)/YSStructureHelperDemo/Header.h";
				INFOPLIST_FILE = YSStructureHelperDemo/Info.plist;
				IPHONEOS_DEPLOYMENT_TARGET = 10.0;
				LD_RUNPATH_SEARCH_PATHS = "$(inherited) @executable_path/Frameworks";
				PRODUCT_BUNDLE_IDENTIFIER = com.develop.all;
				PRODUCT_NAME = "$(TARGET_NAME)";
				PROVISIONING_PROFILE = "cbce9414-caf1-45ad-a2d2-a413258d0bbd";
				PROVISIONING_PROFILE_SPECIFIER = allDis;
				TARGETED_DEVICE_FAMILY = "1,2";
			};
			name = Release;
		};
		DB2F2BA71FD7D7E8006674E7 /* Debug */ = {
			isa = XCBuildConfiguration;
			buildSettings = {
				BUNDLE_LOADER = "$(TEST_HOST)";
				CODE_SIGN_STYLE = Automatic;
				INFOPLIST_FILE = YSStructureHelperDemoTests/Info.plist;
				LD_RUNPATH_SEARCH_PATHS = "$(inherited) @executable_path/Frameworks @loader_path/Frameworks";
				PRODUCT_BUNDLE_IDENTIFIER = com.develop.YSStructureHelperDemoTests;
				PRODUCT_NAME = "$(TARGET_NAME)";
				TARGETED_DEVICE_FAMILY = "1,2";
				TEST_HOST = "$(BUILT_PRODUCTS_DIR)/YSStructureHelperDemo.app/YSStructureHelperDemo";
			};
			name = Debug;
		};
		DB2F2BA81FD7D7E8006674E7 /* Release */ = {
			isa = XCBuildConfiguration;
			buildSettings = {
				BUNDLE_LOADER = "$(TEST_HOST)";
				CODE_SIGN_STYLE = Automatic;
				INFOPLIST_FILE = YSStructureHelperDemoTests/Info.plist;
				LD_RUNPATH_SEARCH_PATHS = "$(inherited) @executable_path/Frameworks @loader_path/Frameworks";
				PRODUCT_BUNDLE_IDENTIFIER = com.develop.YSStructureHelperDemoTests;
				PRODUCT_NAME = "$(TARGET_NAME)";
				TARGETED_DEVICE_FAMILY = "1,2";
				TEST_HOST = "$(BUILT_PRODUCTS_DIR)/YSStructureHelperDemo.app/YSStructureHelperDemo";
			};
			name = Release;
		};
/* End XCBuildConfiguration section */

/* Begin XCConfigurationList section */
		DB2F2B7D1FD7D7E8006674E7 /* Build configuration list for PBXProject "YSStructureHelperDemo" */ = {
			isa = XCConfigurationList;
			buildConfigurations = (
				DB2F2BA11FD7D7E8006674E7 /* Debug */,
				DB2F2BA21FD7D7E8006674E7 /* Release */,
			);
			defaultConfigurationIsVisible = 0;
			defaultConfigurationName = Release;
		};
		DB2F2BA31FD7D7E8006674E7 /* Build configuration list for PBXNativeTarget "YSStructureHelperDemo" */ = {
			isa = XCConfigurationList;
			buildConfigurations = (
				DB2F2BA41FD7D7E8006674E7 /* Debug */,
				DB2F2BA51FD7D7E8006674E7 /* Release */,
			);
			defaultConfigurationIsVisible = 0;
			defaultConfigurationName = Release;
		};
		DB2F2BA61FD7D7E8006674E7 /* Build configuration list for PBXNativeTarget "YSStructureHelperDemoTests" */ = {
			isa = XCConfigurationList;
			buildConfigurations = (
				DB2F2BA71FD7D7E8006674E7 /* Debug */,
				DB2F2BA81FD7D7E8006674E7 /* Release */,
			);
			defaultConfigurationIsVisible = 0;
			defaultConfigurationName = Release;
		};
/* End XCConfigurationList section */
	};
	rootObject = DB2F2B7A1FD7D7E8006674E7 /* Project object */;
}
